
Microsoft Visual Studio Solution File, Format Version 12.00
# Visual Studio 15
VisualStudioVersion = 15.0.27130.2036
MinimumVisualStudioVersion = 10.0.40219.1
Project("{E24C65DC-7377-472B-9ABA-BC803B73C61A}") = "Asp.net", ".", "{C11CEDA2-C8B0-4654-B156-96B46D43AA2D}"
	ProjectSection(WebsiteProperties) = preProject
		TargetFrameworkMoniker = ".NETFramework,Version%3Dv4.6.1"
		Debug.AspNetCompiler.VirtualPath = "/localhost_51302"
		Debug.AspNetCompiler.PhysicalPath = "..\Asp.net\"
		Debug.AspNetCompiler.TargetPath = "PrecompiledWeb\localhost_51302\"
		Debug.AspNetCompiler.Updateable = "true"
		Debug.AspNetCompiler.ForceOverwrite = "true"
		Debug.AspNetCompiler.FixedNames = "false"
		Debug.AspNetCompiler.Debug = "True"
		Release.AspNetCompiler.VirtualPath = "/localhost_51302"
		Release.AspNetCompiler.PhysicalPath = "..\Asp.net\"
		Release.AspNetCompiler.TargetPath = "PrecompiledWeb\localhost_51302\"
		Release.AspNetCompiler.Updateable = "true"
		Release.AspNetCompiler.ForceOverwrite = "true"
		Release.AspNetCompiler.FixedNames = "false"
		Release.AspNetCompiler.Debug = "False"
		VWDPort = "51302"
		SlnRelativePath = "..\Asp.net\"
	EndProjectSection
EndProject
Global
	GlobalSection(SolutionConfigurationPlatforms) = preSolution
		Debug|Any CPU = Debug|Any CPU
	EndGlobalSection
	GlobalSection(ProjectConfigurationPlatforms) = postSolution
		{C11CEDA2-C8B0-4654-B156-96B46D43AA2D}.Debug|Any CPU.ActiveCfg = Debug|Any CPU
		{C11CEDA2-C8B0-4654-B156-96B46D43AA2D}.Debug|Any CPU.Build.0 = Debug|Any CPU
	EndGlobalSection
	GlobalSection(SolutionProperties) = preSolution
		HideSolutionNode = FALSE
	EndGlobalSection
	GlobalSection(ExtensibilityGlobals) = postSolution
		SolutionGuid = {62692173-66BD-4DB0-A61D-40FAD22E8207}
	EndGlobalSection
EndGlobal
